// !$*UTF8*$!
{
	archiveVersion = 1;
	classes = {
	};
	objectVersion = 46;
	objects = {

/* Begin PBXBuildFile section */
		495BD1EB20F0D9DB005DF1CB /* BFBiometrics.swift in Sources */ = {isa = PBXBuildFile; fileRef = 495BD1B820F0D9DB005DF1CB /* BFBiometrics.swift */; };
		495BD1EC20F0D9DB005DF1CB /* BFButton.swift in Sources */ = {isa = PBXBuildFile; fileRef = 495BD1B920F0D9DB005DF1CB /* BFButton.swift */; };
		495BD1ED20F0D9DB005DF1CB /* BFSystemSound.swift in Sources */ = {isa = PBXBuildFile; fileRef = 495BD1BA20F0D9DB005DF1CB /* BFSystemSound.swift */; };
		495BD1EE20F0D9DB005DF1CB /* BFTextField.swift in Sources */ = {isa = PBXBuildFile; fileRef = 495BD1BB20F0D9DB005DF1CB /* BFTextField.swift */; };
		495BD1F020F0D9DB005DF1CB /* NSAttributedString+Extensions.swift in Sources */ = {isa = PBXBuildFile; fileRef = 495BD1BE20F0D9DB005DF1CB /* NSAttributedString+Extensions.swift */; };
		495BD1F120F0D9DB005DF1CB /* NSPointerArray+Extensions.swift in Sources */ = {isa = PBXBuildFile; fileRef = 495BD1BF20F0D9DB005DF1CB /* NSPointerArray+Extensions.swift */; };
		495BD1F220F0D9DB005DF1CB /* UIBarButtonItem+Extensions.swift in Sources */ = {isa = PBXBuildFile; fileRef = 495BD1C120F0D9DB005DF1CB /* UIBarButtonItem+Extensions.swift */; };
		495BD1F320F0D9DB005DF1CB /* UIButton+Extensions.swift in Sources */ = {isa = PBXBuildFile; fileRef = 495BD1C220F0D9DB005DF1CB /* UIButton+Extensions.swift */; };
		495BD1F420F0D9DB005DF1CB /* UIColor+Extensions.swift in Sources */ = {isa = PBXBuildFile; fileRef = 495BD1C320F0D9DB005DF1CB /* UIColor+Extensions.swift */; };
		495BD1F520F0D9DB005DF1CB /* UIDevice+Extensions.swift in Sources */ = {isa = PBXBuildFile; fileRef = 495BD1C420F0D9DB005DF1CB /* UIDevice+Extensions.swift */; };
		495BD1F620F0D9DB005DF1CB /* UIFont+Extensions.swift in Sources */ = {isa = PBXBuildFile; fileRef = 495BD1C520F0D9DB005DF1CB /* UIFont+Extensions.swift */; };
		495BD1F720F0D9DB005DF1CB /* UIImage+Extensions.swift in Sources */ = {isa = PBXBuildFile; fileRef = 495BD1C620F0D9DB005DF1CB /* UIImage+Extensions.swift */; };
		495BD1F820F0D9DC005DF1CB /* UIImageView+Extensions.swift in Sources */ = {isa = PBXBuildFile; fileRef = 495BD1C720F0D9DB005DF1CB /* UIImageView+Extensions.swift */; };
		495BD1F920F0D9DC005DF1CB /* UILabel+Extensions.swift in Sources */ = {isa = PBXBuildFile; fileRef = 495BD1C820F0D9DB005DF1CB /* UILabel+Extensions.swift */; };
		495BD1FA20F0D9DC005DF1CB /* UINavigationBar+Extensions.swift in Sources */ = {isa = PBXBuildFile; fileRef = 495BD1C920F0D9DB005DF1CB /* UINavigationBar+Extensions.swift */; };
		495BD1FB20F0D9DC005DF1CB /* UIPasteboard+Extensions.swift in Sources */ = {isa = PBXBuildFile; fileRef = 495BD1CA20F0D9DB005DF1CB /* UIPasteboard+Extensions.swift */; };
		495BD1FC20F0D9DC005DF1CB /* UIScreen+Extensions.swift in Sources */ = {isa = PBXBuildFile; fileRef = 495BD1CB20F0D9DB005DF1CB /* UIScreen+Extensions.swift */; };
		495BD1FD20F0D9DC005DF1CB /* UIScrollView+Extensions.swift in Sources */ = {isa = PBXBuildFile; fileRef = 495BD1CC20F0D9DB005DF1CB /* UIScrollView+Extensions.swift */; };
		495BD1FE20F0D9DC005DF1CB /* UITableView+Extensions.swift in Sources */ = {isa = PBXBuildFile; fileRef = 495BD1CD20F0D9DB005DF1CB /* UITableView+Extensions.swift */; };
		495BD1FF20F0D9DC005DF1CB /* UITextField+Extensions.swift in Sources */ = {isa = PBXBuildFile; fileRef = 495BD1CE20F0D9DB005DF1CB /* UITextField+Extensions.swift */; };
		495BD20020F0D9DC005DF1CB /* UITextView+Extensions.swift in Sources */ = {isa = PBXBuildFile; fileRef = 495BD1CF20F0D9DB005DF1CB /* UITextView+Extensions.swift */; };
		495BD20120F0D9DC005DF1CB /* UIToolbar+Extensions.swift in Sources */ = {isa = PBXBuildFile; fileRef = 495BD1D020F0D9DB005DF1CB /* UIToolbar+Extensions.swift */; };
		495BD20220F0D9DC005DF1CB /* UIView+Extensions.swift in Sources */ = {isa = PBXBuildFile; fileRef = 495BD1D120F0D9DB005DF1CB /* UIView+Extensions.swift */; };
		495BD20320F0D9DC005DF1CB /* UIViewController+Extensions.swift in Sources */ = {isa = PBXBuildFile; fileRef = 495BD1D220F0D9DB005DF1CB /* UIViewController+Extensions.swift */; };
		495BD20520F0D9DC005DF1CB /* UIWindow+Extensions.swift in Sources */ = {isa = PBXBuildFile; fileRef = 495BD1D420F0D9DB005DF1CB /* UIWindow+Extensions.swift */; };
		495BD20720F0D9DC005DF1CB /* BFApp.swift in Sources */ = {isa = PBXBuildFile; fileRef = 495BD1D920F0D9DB005DF1CB /* BFApp.swift */; };
		495BD20820F0D9DC005DF1CB /* BFDataStructures.swift in Sources */ = {isa = PBXBuildFile; fileRef = 495BD1DA20F0D9DB005DF1CB /* BFDataStructures.swift */; };
		495BD20920F0D9DC005DF1CB /* BFKit.swift in Sources */ = {isa = PBXBuildFile; fileRef = 495BD1DB20F0D9DB005DF1CB /* BFKit.swift */; };
		495BD20A20F0D9DC005DF1CB /* BFLog.swift in Sources */ = {isa = PBXBuildFile; fileRef = 495BD1DC20F0D9DB005DF1CB /* BFLog.swift */; };
		495BD20B20F0D9DC005DF1CB /* BFPassword.swift in Sources */ = {isa = PBXBuildFile; fileRef = 495BD1DD20F0D9DB005DF1CB /* BFPassword.swift */; };
		495BD20C20F0D9DC005DF1CB /* Array+Extensions.swift in Sources */ = {isa = PBXBuildFile; fileRef = 495BD1DF20F0D9DB005DF1CB /* Array+Extensions.swift */; };
		495BD20D20F0D9DC005DF1CB /* Collection+Extensions.swift in Sources */ = {isa = PBXBuildFile; fileRef = 495BD1E020F0D9DB005DF1CB /* Collection+Extensions.swift */; };
		495BD20E20F0D9DC005DF1CB /* Data+Extensions.swift in Sources */ = {isa = PBXBuildFile; fileRef = 495BD1E120F0D9DB005DF1CB /* Data+Extensions.swift */; };
		495BD20F20F0D9DC005DF1CB /* Date+Extensions.swift in Sources */ = {isa = PBXBuildFile; fileRef = 495BD1E220F0D9DB005DF1CB /* Date+Extensions.swift */; };
		495BD21020F0D9DC005DF1CB /* Dictionary+Extensions.swift in Sources */ = {isa = PBXBuildFile; fileRef = 495BD1E320F0D9DB005DF1CB /* Dictionary+Extensions.swift */; };
		495BD21120F0D9DC005DF1CB /* FileManager+Extensions.swift in Sources */ = {isa = PBXBuildFile; fileRef = 495BD1E420F0D9DB005DF1CB /* FileManager+Extensions.swift */; };
		495BD21220F0D9DC005DF1CB /* NSObject+Extensions.swift in Sources */ = {isa = PBXBuildFile; fileRef = 495BD1E520F0D9DB005DF1CB /* NSObject+Extensions.swift */; };
		495BD21320F0D9DC005DF1CB /* Number+Extensions.swift in Sources */ = {isa = PBXBuildFile; fileRef = 495BD1E620F0D9DB005DF1CB /* Number+Extensions.swift */; };
		495BD21420F0D9DC005DF1CB /* ProcessInfo+Extensions.swift in Sources */ = {isa = PBXBuildFile; fileRef = 495BD1E720F0D9DB005DF1CB /* ProcessInfo+Extensions.swift */; };
		495BD21520F0D9DC005DF1CB /* Set+Extensions.swift in Sources */ = {isa = PBXBuildFile; fileRef = 495BD1E820F0D9DB005DF1CB /* Set+Extensions.swift */; };
		495BD21620F0D9DC005DF1CB /* String+Extensions.swift in Sources */ = {isa = PBXBuildFile; fileRef = 495BD1E920F0D9DB005DF1CB /* String+Extensions.swift */; };
		495BD21720F0D9DC005DF1CB /* Thread+Extensions.swift in Sources */ = {isa = PBXBuildFile; fileRef = 495BD1EA20F0D9DB005DF1CB /* Thread+Extensions.swift */; };
		49EE2B7E235CBE93009A065C /* WKWebView+Extensions.swift in Sources */ = {isa = PBXBuildFile; fileRef = 49EE2B7D235CBE93009A065C /* WKWebView+Extensions.swift */; };
		49FB866A1DF34B2400AC7E4A /* AppDelegate.swift in Sources */ = {isa = PBXBuildFile; fileRef = 49FB86691DF34B2400AC7E4A /* AppDelegate.swift */; };
		49FB86821DF34B5500AC7E4A /* BFKitViewController.swift in Sources */ = {isa = PBXBuildFile; fileRef = 49FB867B1DF34B5500AC7E4A /* BFKitViewController.swift */; };
		49FB86831DF34B5500AC7E4A /* DetailViewController.swift in Sources */ = {isa = PBXBuildFile; fileRef = 49FB867C1DF34B5500AC7E4A /* DetailViewController.swift */; };
		49FB86841DF34B5500AC7E4A /* FoundationViewController.swift in Sources */ = {isa = PBXBuildFile; fileRef = 49FB867D1DF34B5500AC7E4A /* FoundationViewController.swift */; };
		49FB86851DF34B5500AC7E4A /* Images.xcassets in Resources */ = {isa = PBXBuildFile; fileRef = 49FB867E1DF34B5500AC7E4A /* Images.xcassets */; };
		49FB86861DF34B5500AC7E4A /* InfoViewController.swift in Sources */ = {isa = PBXBuildFile; fileRef = 49FB867F1DF34B5500AC7E4A /* InfoViewController.swift */; };
		49FB86871DF34B5500AC7E4A /* Main.storyboard in Resources */ = {isa = PBXBuildFile; fileRef = 49FB86801DF34B5500AC7E4A /* Main.storyboard */; };
		49FB86881DF34B5500AC7E4A /* UserInterfaceViewController.swift in Sources */ = {isa = PBXBuildFile; fileRef = 49FB86811DF34B5500AC7E4A /* UserInterfaceViewController.swift */; };
/* End PBXBuildFile section */

/* Begin PBXFileReference section */
		495BD1B820F0D9DB005DF1CB /* BFBiometrics.swift */ = {isa = PBXFileReference; fileEncoding = 4; lastKnownFileType = sourcecode.swift; path = BFBiometrics.swift; sourceTree = "<group>"; };
		495BD1B920F0D9DB005DF1CB /* BFButton.swift */ = {isa = PBXFileReference; fileEncoding = 4; lastKnownFileType = sourcecode.swift; path = BFButton.swift; sourceTree = "<group>"; };
		495BD1BA20F0D9DB005DF1CB /* BFSystemSound.swift */ = {isa = PBXFileReference; fileEncoding = 4; lastKnownFileType = sourcecode.swift; path = BFSystemSound.swift; sourceTree = "<group>"; };
		495BD1BB20F0D9DB005DF1CB /* BFTextField.swift */ = {isa = PBXFileReference; fileEncoding = 4; lastKnownFileType = sourcecode.swift; path = BFTextField.swift; sourceTree = "<group>"; };
		495BD1BE20F0D9DB005DF1CB /* NSAttributedString+Extensions.swift */ = {isa = PBXFileReference; fileEncoding = 4; lastKnownFileType = sourcecode.swift; path = "NSAttributedString+Extensions.swift"; sourceTree = "<group>"; };
		495BD1BF20F0D9DB005DF1CB /* NSPointerArray+Extensions.swift */ = {isa = PBXFileReference; fileEncoding = 4; lastKnownFileType = sourcecode.swift; path = "NSPointerArray+Extensions.swift"; sourceTree = "<group>"; };
		495BD1C120F0D9DB005DF1CB /* UIBarButtonItem+Extensions.swift */ = {isa = PBXFileReference; fileEncoding = 4; lastKnownFileType = sourcecode.swift; path = "UIBarButtonItem+Extensions.swift"; sourceTree = "<group>"; };
		495BD1C220F0D9DB005DF1CB /* UIButton+Extensions.swift */ = {isa = PBXFileReference; fileEncoding = 4; lastKnownFileType = sourcecode.swift; path = "UIButton+Extensions.swift"; sourceTree = "<group>"; };
		495BD1C320F0D9DB005DF1CB /* UIColor+Extensions.swift */ = {isa = PBXFileReference; fileEncoding = 4; lastKnownFileType = sourcecode.swift; path = "UIColor+Extensions.swift"; sourceTree = "<group>"; };
		495BD1C420F0D9DB005DF1CB /* UIDevice+Extensions.swift */ = {isa = PBXFileReference; fileEncoding = 4; lastKnownFileType = sourcecode.swift; path = "UIDevice+Extensions.swift"; sourceTree = "<group>"; };
		495BD1C520F0D9DB005DF1CB /* UIFont+Extensions.swift */ = {isa = PBXFileReference; fileEncoding = 4; lastKnownFileType = sourcecode.swift; path = "UIFont+Extensions.swift"; sourceTree = "<group>"; };
		495BD1C620F0D9DB005DF1CB /* UIImage+Extensions.swift */ = {isa = PBXFileReference; fileEncoding = 4; lastKnownFileType = sourcecode.swift; path = "UIImage+Extensions.swift"; sourceTree = "<group>"; };
		495BD1C720F0D9DB005DF1CB /* UIImageView+Extensions.swift */ = {isa = PBXFileReference; fileEncoding = 4; lastKnownFileType = sourcecode.swift; path = "UIImageView+Extensions.swift"; sourceTree = "<group>"; };
		495BD1C820F0D9DB005DF1CB /* UILabel+Extensions.swift */ = {isa = PBXFileReference; fileEncoding = 4; lastKnownFileType = sourcecode.swift; path = "UILabel+Extensions.swift"; sourceTree = "<group>"; };
		495BD1C920F0D9DB005DF1CB /* UINavigationBar+Extensions.swift */ = {isa = PBXFileReference; fileEncoding = 4; lastKnownFileType = sourcecode.swift; path = "UINavigationBar+Extensions.swift"; sourceTree = "<group>"; };
		495BD1CA20F0D9DB005DF1CB /* UIPasteboard+Extensions.swift */ = {isa = PBXFileReference; fileEncoding = 4; lastKnownFileType = sourcecode.swift; path = "UIPasteboard+Extensions.swift"; sourceTree = "<group>"; };
		495BD1CB20F0D9DB005DF1CB /* UIScreen+Extensions.swift */ = {isa = PBXFileReference; fileEncoding = 4; lastKnownFileType = sourcecode.swift; path = "UIScreen+Extensions.swift"; sourceTree = "<group>"; };
		495BD1CC20F0D9DB005DF1CB /* UIScrollView+Extensions.swift */ = {isa = PBXFileReference; fileEncoding = 4; lastKnownFileType = sourcecode.swift; path = "UIScrollView+Extensions.swift"; sourceTree = "<group>"; };
		495BD1CD20F0D9DB005DF1CB /* UITableView+Extensions.swift */ = {isa = PBXFileReference; fileEncoding = 4; lastKnownFileType = sourcecode.swift; path = "UITableView+Extensions.swift"; sourceTree = "<group>"; };
		495BD1CE20F0D9DB005DF1CB /* UITextField+Extensions.swift */ = {isa = PBXFileReference; fileEncoding = 4; lastKnownFileType = sourcecode.swift; path = "UITextField+Extensions.swift"; sourceTree = "<group>"; };
		495BD1CF20F0D9DB005DF1CB /* UITextView+Extensions.swift */ = {isa = PBXFileReference; fileEncoding = 4; lastKnownFileType = sourcecode.swift; path = "UITextView+Extensions.swift"; sourceTree = "<group>"; };
		495BD1D020F0D9DB005DF1CB /* UIToolbar+Extensions.swift */ = {isa = PBXFileReference; fileEncoding = 4; lastKnownFileType = sourcecode.swift; path = "UIToolbar+Extensions.swift"; sourceTree = "<group>"; };
		495BD1D120F0D9DB005DF1CB /* UIView+Extensions.swift */ = {isa = PBXFileReference; fileEncoding = 4; lastKnownFileType = sourcecode.swift; path = "UIView+Extensions.swift"; sourceTree = "<group>"; };
		495BD1D220F0D9DB005DF1CB /* UIViewController+Extensions.swift */ = {isa = PBXFileReference; fileEncoding = 4; lastKnownFileType = sourcecode.swift; path = "UIViewController+Extensions.swift"; sourceTree = "<group>"; };
		495BD1D420F0D9DB005DF1CB /* UIWindow+Extensions.swift */ = {isa = PBXFileReference; fileEncoding = 4; lastKnownFileType = sourcecode.swift; path = "UIWindow+Extensions.swift"; sourceTree = "<group>"; };
		495BD1D620F0D9DB005DF1CB /* WKInterfaceController+Extensions.swift */ = {isa = PBXFileReference; fileEncoding = 4; lastKnownFileType = sourcecode.swift; path = "WKInterfaceController+Extensions.swift"; sourceTree = "<group>"; };
		495BD1D920F0D9DB005DF1CB /* BFApp.swift */ = {isa = PBXFileReference; fileEncoding = 4; lastKnownFileType = sourcecode.swift; path = BFApp.swift; sourceTree = "<group>"; };
		495BD1DA20F0D9DB005DF1CB /* BFDataStructures.swift */ = {isa = PBXFileReference; fileEncoding = 4; lastKnownFileType = sourcecode.swift; path = BFDataStructures.swift; sourceTree = "<group>"; };
		495BD1DB20F0D9DB005DF1CB /* BFKit.swift */ = {isa = PBXFileReference; fileEncoding = 4; lastKnownFileType = sourcecode.swift; path = BFKit.swift; sourceTree = "<group>"; };
		495BD1DC20F0D9DB005DF1CB /* BFLog.swift */ = {isa = PBXFileReference; fileEncoding = 4; lastKnownFileType = sourcecode.swift; path = BFLog.swift; sourceTree = "<group>"; };
		495BD1DD20F0D9DB005DF1CB /* BFPassword.swift */ = {isa = PBXFileReference; fileEncoding = 4; lastKnownFileType = sourcecode.swift; path = BFPassword.swift; sourceTree = "<group>"; };
		495BD1DF20F0D9DB005DF1CB /* Array+Extensions.swift */ = {isa = PBXFileReference; fileEncoding = 4; lastKnownFileType = sourcecode.swift; path = "Array+Extensions.swift"; sourceTree = "<group>"; };
		495BD1E020F0D9DB005DF1CB /* Collection+Extensions.swift */ = {isa = PBXFileReference; fileEncoding = 4; lastKnownFileType = sourcecode.swift; path = "Collection+Extensions.swift"; sourceTree = "<group>"; };
		495BD1E120F0D9DB005DF1CB /* Data+Extensions.swift */ = {isa = PBXFileReference; fileEncoding = 4; lastKnownFileType = sourcecode.swift; path = "Data+Extensions.swift"; sourceTree = "<group>"; };
		495BD1E220F0D9DB005DF1CB /* Date+Extensions.swift */ = {isa = PBXFileReference; fileEncoding = 4; lastKnownFileType = sourcecode.swift; path = "Date+Extensions.swift"; sourceTree = "<group>"; };
		495BD1E320F0D9DB005DF1CB /* Dictionary+Extensions.swift */ = {isa = PBXFileReference; fileEncoding = 4; lastKnownFileType = sourcecode.swift; path = "Dictionary+Extensions.swift"; sourceTree = "<group>"; };
		495BD1E420F0D9DB005DF1CB /* FileManager+Extensions.swift */ = {isa = PBXFileReference; fileEncoding = 4; lastKnownFileType = sourcecode.swift; path = "FileManager+Extensions.swift"; sourceTree = "<group>"; };
		495BD1E520F0D9DB005DF1CB /* NSObject+Extensions.swift */ = {isa = PBXFileReference; fileEncoding = 4; lastKnownFileType = sourcecode.swift; path = "NSObject+Extensions.swift"; sourceTree = "<group>"; };
		495BD1E620F0D9DB005DF1CB /* Number+Extensions.swift */ = {isa = PBXFileReference; fileEncoding = 4; lastKnownFileType = sourcecode.swift; path = "Number+Extensions.swift"; sourceTree = "<group>"; };
		495BD1E720F0D9DB005DF1CB /* ProcessInfo+Extensions.swift */ = {isa = PBXFileReference; fileEncoding = 4; lastKnownFileType = sourcecode.swift; path = "ProcessInfo+Extensions.swift"; sourceTree = "<group>"; };
		495BD1E820F0D9DB005DF1CB /* Set+Extensions.swift */ = {isa = PBXFileReference; fileEncoding = 4; lastKnownFileType = sourcecode.swift; path = "Set+Extensions.swift"; sourceTree = "<group>"; };
		495BD1E920F0D9DB005DF1CB /* String+Extensions.swift */ = {isa = PBXFileReference; fileEncoding = 4; lastKnownFileType = sourcecode.swift; path = "String+Extensions.swift"; sourceTree = "<group>"; };
		495BD1EA20F0D9DB005DF1CB /* Thread+Extensions.swift */ = {isa = PBXFileReference; fileEncoding = 4; lastKnownFileType = sourcecode.swift; path = "Thread+Extensions.swift"; sourceTree = "<group>"; };
		49EE2B7D235CBE93009A065C /* WKWebView+Extensions.swift */ = {isa = PBXFileReference; fileEncoding = 4; lastKnownFileType = sourcecode.swift; path = "WKWebView+Extensions.swift"; sourceTree = "<group>"; };
		49FB86661DF34B2400AC7E4A /* BFKitExample.app */ = {isa = PBXFileReference; explicitFileType = wrapper.application; includeInIndex = 0; path = BFKitExample.app; sourceTree = BUILT_PRODUCTS_DIR; };
		49FB86691DF34B2400AC7E4A /* AppDelegate.swift */ = {isa = PBXFileReference; lastKnownFileType = sourcecode.swift; path = AppDelegate.swift; sourceTree = "<group>"; };
		49FB86751DF34B2400AC7E4A /* Info.plist */ = {isa = PBXFileReference; lastKnownFileType = text.plist.xml; path = Info.plist; sourceTree = "<group>"; };
		49FB867B1DF34B5500AC7E4A /* BFKitViewController.swift */ = {isa = PBXFileReference; fileEncoding = 4; lastKnownFileType = sourcecode.swift; path = BFKitViewController.swift; sourceTree = "<group>"; };
		49FB867C1DF34B5500AC7E4A /* DetailViewController.swift */ = {isa = PBXFileReference; fileEncoding = 4; lastKnownFileType = sourcecode.swift; path = DetailViewController.swift; sourceTree = "<group>"; };
		49FB867D1DF34B5500AC7E4A /* FoundationViewController.swift */ = {isa = PBXFileReference; fileEncoding = 4; lastKnownFileType = sourcecode.swift; path = FoundationViewController.swift; sourceTree = "<group>"; };
		49FB867E1DF34B5500AC7E4A /* Images.xcassets */ = {isa = PBXFileReference; lastKnownFileType = folder.assetcatalog; path = Images.xcassets; sourceTree = "<group>"; };
		49FB867F1DF34B5500AC7E4A /* InfoViewController.swift */ = {isa = PBXFileReference; fileEncoding = 4; lastKnownFileType = sourcecode.swift; path = InfoViewController.swift; sourceTree = "<group>"; };
		49FB86801DF34B5500AC7E4A /* Main.storyboard */ = {isa = PBXFileReference; fileEncoding = 4; lastKnownFileType = file.storyboard; path = Main.storyboard; sourceTree = "<group>"; };
		49FB86811DF34B5500AC7E4A /* UserInterfaceViewController.swift */ = {isa = PBXFileReference; fileEncoding = 4; lastKnownFileType = sourcecode.swift; path = UserInterfaceViewController.swift; sourceTree = "<group>"; };
		49FB86FD1DF352D400AC7E4A /* BFKit.framework */ = {isa = PBXFileReference; lastKnownFileType = wrapper.framework; name = BFKit.framework; path = Carthage/Build/iOS/BFKit.framework; sourceTree = "<group>"; };
/* End PBXFileReference section */

/* Begin PBXFrameworksBuildPhase section */
		49FB86631DF34B2400AC7E4A /* Frameworks */ = {
			isa = PBXFrameworksBuildPhase;
			buildActionMask = 2147483647;
			files = (
			);
			runOnlyForDeploymentPostprocessing = 0;
		};
/* End PBXFrameworksBuildPhase section */

/* Begin PBXGroup section */
		4913372D1DF9717600BD8B0F /* BFKit */ = {
			isa = PBXGroup;
			children = (
				495BD1B620F0D9DB005DF1CB /* Apple */,
				495BD1D720F0D9DB005DF1CB /* Linux */,
			);
			name = BFKit;
			path = ../Sources/BFKit;
			sourceTree = "<group>";
		};
		495BD1B620F0D9DB005DF1CB /* Apple */ = {
			isa = PBXGroup;
			children = (
				495BD1B720F0D9DB005DF1CB /* BFKit */,
				495BD1BD20F0D9DB005DF1CB /* Foundation */,
				495BD1C020F0D9DB005DF1CB /* UIKit */,
				495BD1D520F0D9DB005DF1CB /* WatchKit */,
				49EE2B7C235CBE93009A065C /* WebKit */,
			);
			path = Apple;
			sourceTree = "<group>";
		};
		495BD1B720F0D9DB005DF1CB /* BFKit */ = {
			isa = PBXGroup;
			children = (
				495BD1B820F0D9DB005DF1CB /* BFBiometrics.swift */,
				495BD1B920F0D9DB005DF1CB /* BFButton.swift */,
				495BD1BA20F0D9DB005DF1CB /* BFSystemSound.swift */,
				495BD1BB20F0D9DB005DF1CB /* BFTextField.swift */,
			);
			path = BFKit;
			sourceTree = "<group>";
		};
		495BD1BD20F0D9DB005DF1CB /* Foundation */ = {
			isa = PBXGroup;
			children = (
				495BD1BE20F0D9DB005DF1CB /* NSAttributedString+Extensions.swift */,
				495BD1BF20F0D9DB005DF1CB /* NSPointerArray+Extensions.swift */,
			);
			path = Foundation;
			sourceTree = "<group>";
		};
		495BD1C020F0D9DB005DF1CB /* UIKit */ = {
			isa = PBXGroup;
			children = (
				495BD1C120F0D9DB005DF1CB /* UIBarButtonItem+Extensions.swift */,
				495BD1C220F0D9DB005DF1CB /* UIButton+Extensions.swift */,
				495BD1C320F0D9DB005DF1CB /* UIColor+Extensions.swift */,
				495BD1C420F0D9DB005DF1CB /* UIDevice+Extensions.swift */,
				495BD1C520F0D9DB005DF1CB /* UIFont+Extensions.swift */,
				495BD1C620F0D9DB005DF1CB /* UIImage+Extensions.swift */,
				495BD1C720F0D9DB005DF1CB /* UIImageView+Extensions.swift */,
				495BD1C820F0D9DB005DF1CB /* UILabel+Extensions.swift */,
				495BD1C920F0D9DB005DF1CB /* UINavigationBar+Extensions.swift */,
				495BD1CA20F0D9DB005DF1CB /* UIPasteboard+Extensions.swift */,
				495BD1CB20F0D9DB005DF1CB /* UIScreen+Extensions.swift */,
				495BD1CC20F0D9DB005DF1CB /* UIScrollView+Extensions.swift */,
				495BD1CD20F0D9DB005DF1CB /* UITableView+Extensions.swift */,
				495BD1CE20F0D9DB005DF1CB /* UITextField+Extensions.swift */,
				495BD1CF20F0D9DB005DF1CB /* UITextView+Extensions.swift */,
				495BD1D020F0D9DB005DF1CB /* UIToolbar+Extensions.swift */,
				495BD1D120F0D9DB005DF1CB /* UIView+Extensions.swift */,
				495BD1D220F0D9DB005DF1CB /* UIViewController+Extensions.swift */,
				495BD1D420F0D9DB005DF1CB /* UIWindow+Extensions.swift */,
			);
			path = UIKit;
			sourceTree = "<group>";
		};
		495BD1D520F0D9DB005DF1CB /* WatchKit */ = {
			isa = PBXGroup;
			children = (
				495BD1D620F0D9DB005DF1CB /* WKInterfaceController+Extensions.swift */,
			);
			path = WatchKit;
			sourceTree = "<group>";
		};
		495BD1D720F0D9DB005DF1CB /* Linux */ = {
			isa = PBXGroup;
			children = (
				495BD1D820F0D9DB005DF1CB /* BFKit */,
				495BD1DE20F0D9DB005DF1CB /* Foundation */,
			);
			path = Linux;
			sourceTree = "<group>";
		};
		495BD1D820F0D9DB005DF1CB /* BFKit */ = {
			isa = PBXGroup;
			children = (
				495BD1D920F0D9DB005DF1CB /* BFApp.swift */,
				495BD1DA20F0D9DB005DF1CB /* BFDataStructures.swift */,
				495BD1DB20F0D9DB005DF1CB /* BFKit.swift */,
				495BD1DC20F0D9DB005DF1CB /* BFLog.swift */,
				495BD1DD20F0D9DB005DF1CB /* BFPassword.swift */,
			);
			path = BFKit;
			sourceTree = "<group>";
		};
		495BD1DE20F0D9DB005DF1CB /* Foundation */ = {
			isa = PBXGroup;
			children = (
				495BD1DF20F0D9DB005DF1CB /* Array+Extensions.swift */,
				495BD1E020F0D9DB005DF1CB /* Collection+Extensions.swift */,
				495BD1E120F0D9DB005DF1CB /* Data+Extensions.swift */,
				495BD1E220F0D9DB005DF1CB /* Date+Extensions.swift */,
				495BD1E320F0D9DB005DF1CB /* Dictionary+Extensions.swift */,
				495BD1E420F0D9DB005DF1CB /* FileManager+Extensions.swift */,
				495BD1E520F0D9DB005DF1CB /* NSObject+Extensions.swift */,
				495BD1E620F0D9DB005DF1CB /* Number+Extensions.swift */,
				495BD1E720F0D9DB005DF1CB /* ProcessInfo+Extensions.swift */,
				495BD1E820F0D9DB005DF1CB /* Set+Extensions.swift */,
				495BD1E920F0D9DB005DF1CB /* String+Extensions.swift */,
				495BD1EA20F0D9DB005DF1CB /* Thread+Extensions.swift */,
			);
			path = Foundation;
			sourceTree = "<group>";
		};
		49EE2B7C235CBE93009A065C /* WebKit */ = {
			isa = PBXGroup;
			children = (
				49EE2B7D235CBE93009A065C /* WKWebView+Extensions.swift */,
			);
			path = WebKit;
			sourceTree = "<group>";
		};
		49FB865D1DF34B2400AC7E4A = {
			isa = PBXGroup;
			children = (
				4913372D1DF9717600BD8B0F /* BFKit */,
				49FB86681DF34B2400AC7E4A /* BFKitExample */,
				49FB86671DF34B2400AC7E4A /* Products */,
				49FB86FC1DF352D400AC7E4A /* Frameworks */,
			);
			sourceTree = "<group>";
		};
		49FB86671DF34B2400AC7E4A /* Products */ = {
			isa = PBXGroup;
			children = (
				49FB86661DF34B2400AC7E4A /* BFKitExample.app */,
			);
			name = Products;
			sourceTree = "<group>";
		};
		49FB86681DF34B2400AC7E4A /* BFKitExample */ = {
			isa = PBXGroup;
			children = (
				49FB86691DF34B2400AC7E4A /* AppDelegate.swift */,
				49FB867B1DF34B5500AC7E4A /* BFKitViewController.swift */,
				49FB867D1DF34B5500AC7E4A /* FoundationViewController.swift */,
				49FB86811DF34B5500AC7E4A /* UserInterfaceViewController.swift */,
				49FB867C1DF34B5500AC7E4A /* DetailViewController.swift */,
				49FB867F1DF34B5500AC7E4A /* InfoViewController.swift */,
				49FB867E1DF34B5500AC7E4A /* Images.xcassets */,
				49FB86801DF34B5500AC7E4A /* Main.storyboard */,
				49FB86751DF34B2400AC7E4A /* Info.plist */,
			);
			path = BFKitExample;
			sourceTree = "<group>";
		};
		49FB86FC1DF352D400AC7E4A /* Frameworks */ = {
			isa = PBXGroup;
			children = (
				49FB86FD1DF352D400AC7E4A /* BFKit.framework */,
			);
			name = Frameworks;
			sourceTree = "<group>";
		};
/* End PBXGroup section */

/* Begin PBXNativeTarget section */
		49FB86651DF34B2400AC7E4A /* BFKitExample */ = {
			isa = PBXNativeTarget;
			buildConfigurationList = 49FB86781DF34B2400AC7E4A /* Build configuration list for PBXNativeTarget "BFKitExample" */;
			buildPhases = (
				49FB86621DF34B2400AC7E4A /* Sources */,
				49FB86631DF34B2400AC7E4A /* Frameworks */,
				49FB86641DF34B2400AC7E4A /* Resources */,
				49A1ADEC1EBA9B48007B2D77 /* ShellScript */,
			);
			buildRules = (
			);
			dependencies = (
			);
			name = BFKitExample;
			productName = BFKitExample;
			productReference = 49FB86661DF34B2400AC7E4A /* BFKitExample.app */;
			productType = "com.apple.product-type.application";
		};
/* End PBXNativeTarget section */

/* Begin PBXProject section */
		49FB865E1DF34B2400AC7E4A /* Project object */ = {
			isa = PBXProject;
			attributes = {
				LastSwiftUpdateCheck = 0810;
				LastUpgradeCheck = 1020;
				ORGANIZATIONNAME = "Fabrizio Brancati";
				TargetAttributes = {
					49FB86651DF34B2400AC7E4A = {
						CreatedOnToolsVersion = 8.1;
						LastSwiftMigration = 1020;
						ProvisioningStyle = Automatic;
					};
				};
			};
			buildConfigurationList = 49FB86611DF34B2400AC7E4A /* Build configuration list for PBXProject "BFKitExample" */;
			compatibilityVersion = "Xcode 3.2";
			developmentRegion = en;
			hasScannedForEncodings = 0;
			knownRegions = (
				en,
				Base,
			);
			mainGroup = 49FB865D1DF34B2400AC7E4A;
			productRefGroup = 49FB86671DF34B2400AC7E4A /* Products */;
			projectDirPath = "";
			projectRoot = "";
			targets = (
				49FB86651DF34B2400AC7E4A /* BFKitExample */,
			);
		};
/* End PBXProject section */

/* Begin PBXResourcesBuildPhase section */
		49FB86641DF34B2400AC7E4A /* Resources */ = {
			isa = PBXResourcesBuildPhase;
			buildActionMask = 2147483647;
			files = (
				49FB86851DF34B5500AC7E4A /* Images.xcassets in Resources */,
				49FB86871DF34B5500AC7E4A /* Main.storyboard in Resources */,
			);
			runOnlyForDeploymentPostprocessing = 0;
		};
/* End PBXResourcesBuildPhase section */

/* Begin PBXShellScriptBuildPhase section */
		49A1ADEC1EBA9B48007B2D77 /* ShellScript */ = {
			isa = PBXShellScriptBuildPhase;
			buildActionMask = 2147483647;
			files = (
			);
			inputPaths = (
			);
			outputPaths = (
			);
			runOnlyForDeploymentPostprocessing = 0;
			shellPath = /bin/sh;
			shellScript = "#!/bin/bash\nbN=$(/usr/libexec/PlistBuddy -c \"Print CFBundleVersion\" \"$INFOPLIST_FILE\")\nbN=$(($bN + 1))\n/usr/libexec/PlistBuddy -c \"Set :CFBundleVersion $bN\" \"$INFOPLIST_FILE\"";
		};
/* End PBXShellScriptBuildPhase section */

/* Begin PBXSourcesBuildPhase section */
		49FB86621DF34B2400AC7E4A /* Sources */ = {
			isa = PBXSourcesBuildPhase;
			buildActionMask = 2147483647;
			files = (
				495BD1EB20F0D9DB005DF1CB /* BFBiometrics.swift in Sources */,
				495BD1F020F0D9DB005DF1CB /* NSAttributedString+Extensions.swift in Sources */,
				495BD1F120F0D9DB005DF1CB /* NSPointerArray+Extensions.swift in Sources */,
				49FB86831DF34B5500AC7E4A /* DetailViewController.swift in Sources */,
				495BD20320F0D9DC005DF1CB /* UIViewController+Extensions.swift in Sources */,
				495BD1ED20F0D9DB005DF1CB /* BFSystemSound.swift in Sources */,
				49EE2B7E235CBE93009A065C /* WKWebView+Extensions.swift in Sources */,
				495BD1EE20F0D9DB005DF1CB /* BFTextField.swift in Sources */,
				495BD1F920F0D9DC005DF1CB /* UILabel+Extensions.swift in Sources */,
				49FB86881DF34B5500AC7E4A /* UserInterfaceViewController.swift in Sources */,
				495BD20D20F0D9DC005DF1CB /* Collection+Extensions.swift in Sources */,
				495BD20C20F0D9DC005DF1CB /* Array+Extensions.swift in Sources */,
				49FB866A1DF34B2400AC7E4A /* AppDelegate.swift in Sources */,
				495BD1F220F0D9DB005DF1CB /* UIBarButtonItem+Extensions.swift in Sources */,
				495BD20E20F0D9DC005DF1CB /* Data+Extensions.swift in Sources */,
				495BD1F520F0D9DB005DF1CB /* UIDevice+Extensions.swift in Sources */,
				495BD21120F0D9DC005DF1CB /* FileManager+Extensions.swift in Sources */,
				495BD20B20F0D9DC005DF1CB /* BFPassword.swift in Sources */,
				495BD1F820F0D9DC005DF1CB /* UIImageView+Extensions.swift in Sources */,
				495BD20220F0D9DC005DF1CB /* UIView+Extensions.swift in Sources */,
				495BD1FC20F0D9DC005DF1CB /* UIScreen+Extensions.swift in Sources */,
				495BD20A20F0D9DC005DF1CB /* BFLog.swift in Sources */,
				49FB86821DF34B5500AC7E4A /* BFKitViewController.swift in Sources */,
				495BD21720F0D9DC005DF1CB /* Thread+Extensions.swift in Sources */,
				495BD20720F0D9DC005DF1CB /* BFApp.swift in Sources */,
				495BD21520F0D9DC005DF1CB /* Set+Extensions.swift in Sources */,
				495BD20020F0D9DC005DF1CB /* UITextView+Extensions.swift in Sources */,
				495BD21220F0D9DC005DF1CB /* NSObject+Extensions.swift in Sources */,
				495BD1F420F0D9DB005DF1CB /* UIColor+Extensions.swift in Sources */,
				495BD21420F0D9DC005DF1CB /* ProcessInfo+Extensions.swift in Sources */,
				495BD1EC20F0D9DB005DF1CB /* BFButton.swift in Sources */,
				495BD1FD20F0D9DC005DF1CB /* UIScrollView+Extensions.swift in Sources */,
				495BD20120F0D9DC005DF1CB /* UIToolbar+Extensions.swift in Sources */,
				49FB86841DF34B5500AC7E4A /* FoundationViewController.swift in Sources */,
				495BD20920F0D9DC005DF1CB /* BFKit.swift in Sources */,
				495BD20520F0D9DC005DF1CB /* UIWindow+Extensions.swift in Sources */,
				495BD1F320F0D9DB005DF1CB /* UIButton+Extensions.swift in Sources */,
				495BD20F20F0D9DC005DF1CB /* Date+Extensions.swift in Sources */,
				495BD1FA20F0D9DC005DF1CB /* UINavigationBar+Extensions.swift in Sources */,
				495BD21620F0D9DC005DF1CB /* String+Extensions.swift in Sources */,
				495BD1FE20F0D9DC005DF1CB /* UITableView+Extensions.swift in Sources */,
				495BD1FB20F0D9DC005DF1CB /* UIPasteboard+Extensions.swift in Sources */,
				495BD21320F0D9DC005DF1CB /* Number+Extensions.swift in Sources */,
				495BD1F720F0D9DB005DF1CB /* UIImage+Extensions.swift in Sources */,
				495BD1FF20F0D9DC005DF1CB /* UITextField+Extensions.swift in Sources */,
				495BD1F620F0D9DB005DF1CB /* UIFont+Extensions.swift in Sources */,
				49FB86861DF34B5500AC7E4A /* InfoViewController.swift in Sources */,
				495BD20820F0D9DC005DF1CB /* BFDataStructures.swift in Sources */,
				495BD21020F0D9DC005DF1CB /* Dictionary+Extensions.swift in Sources */,
			);
			runOnlyForDeploymentPostprocessing = 0;
		};
/* End PBXSourcesBuildPhase section */

/* Begin XCBuildConfiguration section */
		49FB86761DF34B2400AC7E4A /* Debug */ = {
			isa = XCBuildConfiguration;
			buildSettings = {
				ALWAYS_SEARCH_USER_PATHS = NO;
				CLANG_ANALYZER_LOCALIZABILITY_NONLOCALIZED = YES;
				CLANG_ANALYZER_NONNULL = YES;
				CLANG_CXX_LANGUAGE_STANDARD = "gnu++0x";
				CLANG_CXX_LIBRARY = "libc++";
				CLANG_ENABLE_MODULES = YES;
				CLANG_ENABLE_OBJC_ARC = YES;
				CLANG_WARN_BLOCK_CAPTURE_AUTORELEASING = YES;
				CLANG_WARN_BOOL_CONVERSION = YES;
				CLANG_WARN_COMMA = YES;
				CLANG_WARN_CONSTANT_CONVERSION = YES;
				CLANG_WARN_DEPRECATED_OBJC_IMPLEMENTATIONS = YES;
				CLANG_WARN_DIRECT_OBJC_ISA_USAGE = YES_ERROR;
				CLANG_WARN_DOCUMENTATION_COMMENTS = YES;
				CLANG_WARN_EMPTY_BODY = YES;
				CLANG_WARN_ENUM_CONVERSION = YES;
				CLANG_WARN_INFINITE_RECURSION = YES;
				CLANG_WARN_INT_CONVERSION = YES;
				CLANG_WARN_NON_LITERAL_NULL_CONVERSION = YES;
				CLANG_WARN_OBJC_IMPLICIT_RETAIN_SELF = YES;
				CLANG_WARN_OBJC_LITERAL_CONVERSION = YES;
				CLANG_WARN_OBJC_ROOT_CLASS = YES_ERROR;
				CLANG_WARN_RANGE_LOOP_ANALYSIS = YES;
				CLANG_WARN_STRICT_PROTOTYPES = YES;
				CLANG_WARN_SUSPICIOUS_MOVE = YES;
				CLANG_WARN_SUSPICIOUS_MOVES = YES;
				CLANG_WARN_UNREACHABLE_CODE = YES;
				CLANG_WARN__DUPLICATE_METHOD_MATCH = YES;
				"CODE_SIGN_IDENTITY[sdk=iphoneos*]" = "iPhone Developer";
				COPY_PHASE_STRIP = NO;
				DEBUG_INFORMATION_FORMAT = dwarf;
				ENABLE_STRICT_OBJC_MSGSEND = YES;
				ENABLE_TESTABILITY = YES;
				GCC_C_LANGUAGE_STANDARD = gnu99;
				GCC_DYNAMIC_NO_PIC = NO;
				GCC_NO_COMMON_BLOCKS = YES;
				GCC_OPTIMIZATION_LEVEL = 0;
				GCC_PREPROCESSOR_DEFINITIONS = (
					"DEBUG=1",
					"$(inherited)",
				);
				GCC_WARN_64_TO_32_BIT_CONVERSION = YES;
				GCC_WARN_ABOUT_RETURN_TYPE = YES_ERROR;
				GCC_WARN_UNDECLARED_SELECTOR = YES;
				GCC_WARN_UNINITIALIZED_AUTOS = YES_AGGRESSIVE;
				GCC_WARN_UNUSED_FUNCTION = YES;
				GCC_WARN_UNUSED_VARIABLE = YES;
				IPHONEOS_DEPLOYMENT_TARGET = 8.0;
				MTL_ENABLE_DEBUG_INFO = YES;
				ONLY_ACTIVE_ARCH = YES;
				SDKROOT = iphoneos;
				SWIFT_ACTIVE_COMPILATION_CONDITIONS = DEBUG;
				SWIFT_OPTIMIZATION_LEVEL = "-Onone";
				SWIFT_VERSION = 5.1;
			};
			name = Debug;
		};
		49FB86771DF34B2400AC7E4A /* Release */ = {
			isa = XCBuildConfiguration;
			buildSettings = {
				ALWAYS_SEARCH_USER_PATHS = NO;
				CLANG_ANALYZER_LOCALIZABILITY_NONLOCALIZED = YES;
				CLANG_ANALYZER_NONNULL = YES;
				CLANG_CXX_LANGUAGE_STANDARD = "gnu++0x";
				CLANG_CXX_LIBRARY = "libc++";
				CLANG_ENABLE_MODULES = YES;
				CLANG_ENABLE_OBJC_ARC = YES;
				CLANG_WARN_BLOCK_CAPTURE_AUTORELEASING = YES;
				CLANG_WARN_BOOL_CONVERSION = YES;
				CLANG_WARN_COMMA = YES;
				CLANG_WARN_CONSTANT_CONVERSION = YES;
				CLANG_WARN_DEPRECATED_OBJC_IMPLEMENTATIONS = YES;
				CLANG_WARN_DIRECT_OBJC_ISA_USAGE = YES_ERROR;
				CLANG_WARN_DOCUMENTATION_COMMENTS = YES;
				CLANG_WARN_EMPTY_BODY = YES;
				CLANG_WARN_ENUM_CONVERSION = YES;
				CLANG_WARN_INFINITE_RECURSION = YES;
				CLANG_WARN_INT_CONVERSION = YES;
				CLANG_WARN_NON_LITERAL_NULL_CONVERSION = YES;
				CLANG_WARN_OBJC_IMPLICIT_RETAIN_SELF = YES;
				CLANG_WARN_OBJC_LITERAL_CONVERSION = YES;
				CLANG_WARN_OBJC_ROOT_CLASS = YES_ERROR;
				CLANG_WARN_RANGE_LOOP_ANALYSIS = YES;
				CLANG_WARN_STRICT_PROTOTYPES = YES;
				CLANG_WARN_SUSPICIOUS_MOVE = YES;
				CLANG_WARN_SUSPICIOUS_MOVES = YES;
				CLANG_WARN_UNREACHABLE_CODE = YES;
				CLANG_WARN__DUPLICATE_METHOD_MATCH = YES;
				"CODE_SIGN_IDENTITY[sdk=iphoneos*]" = "iPhone Developer";
				COPY_PHASE_STRIP = NO;
				DEBUG_INFORMATION_FORMAT = "dwarf-with-dsym";
				ENABLE_NS_ASSERTIONS = NO;
				ENABLE_STRICT_OBJC_MSGSEND = YES;
				GCC_C_LANGUAGE_STANDARD = gnu99;
				GCC_NO_COMMON_BLOCKS = YES;
				GCC_WARN_64_TO_32_BIT_CONVERSION = YES;
				GCC_WARN_ABOUT_RETURN_TYPE = YES_ERROR;
				GCC_WARN_UNDECLARED_SELECTOR = YES;
				GCC_WARN_UNINITIALIZED_AUTOS = YES_AGGRESSIVE;
				GCC_WARN_UNUSED_FUNCTION = YES;
				GCC_WARN_UNUSED_VARIABLE = YES;
				IPHONEOS_DEPLOYMENT_TARGET = 8.0;
				MTL_ENABLE_DEBUG_INFO = NO;
				SDKROOT = iphoneos;
				SWIFT_OPTIMIZATION_LEVEL = "-Owholemodule";
				SWIFT_VERSION = 5.1;
				VALIDATE_PRODUCT = YES;
			};
			name = Release;
		};
		49FB86791DF34B2400AC7E4A /* Debug */ = {
			isa = XCBuildConfiguration;
			buildSettings = {
				ASSETCATALOG_COMPILER_APPICON_NAME = AppIcon;
				ASSETCATALOG_COMPILER_LAUNCHIMAGE_NAME = LaunchImage;
				"CODE_SIGN_IDENTITY[sdk=iphoneos*]" = "";
				CODE_SIGN_STYLE = Automatic;
				DEVELOPMENT_TEAM = "";
				INFOPLIST_FILE = BFKitExample/Info.plist;
				LD_RUNPATH_SEARCH_PATHS = "$(inherited) @executable_path/Frameworks";
				OTHER_SWIFT_FLAGS = "-D DEBUG";
				PRODUCT_BUNDLE_IDENTIFIER = com.FabrizioBrancati.BFKitExample;
				PRODUCT_NAME = "$(TARGET_NAME)";
				PROVISIONING_PROFILE_SPECIFIER = "";
				SWIFT_VERSION = 5.1;
			};
			name = Debug;
		};
		49FB867A1DF34B2400AC7E4A /* Release */ = {
			isa = XCBuildConfiguration;
			buildSettings = {
				ASSETCATALOG_COMPILER_APPICON_NAME = AppIcon;
				ASSETCATALOG_COMPILER_LAUNCHIMAGE_NAME = LaunchImage;
				"CODE_SIGN_IDENTITY[sdk=iphoneos*]" = "";
				CODE_SIGN_STYLE = Automatic;
				DEVELOPMENT_TEAM = "";
				INFOPLIST_FILE = BFKitExample/Info.plist;
				LD_RUNPATH_SEARCH_PATHS = "$(inherited) @executable_path/Frameworks";
				PRODUCT_BUNDLE_IDENTIFIER = com.FabrizioBrancati.BFKitExample;
				PRODUCT_NAME = "$(TARGET_NAME)";
				PROVISIONING_PROFILE_SPECIFIER = "";
				SWIFT_VERSION = 5.1;
			};
			name = Release;
		};
/* End XCBuildConfiguration section */

/* Begin XCConfigurationList section */
		49FB86611DF34B2400AC7E4A /* Build configuration list for PBXProject "BFKitExample" */ = {
			isa = XCConfigurationList;
			buildConfigurations = (
				49FB86761DF34B2400AC7E4A /* Debug */,
				49FB86771DF34B2400AC7E4A /* Release */,
			);
			defaultConfigurationIsVisible = 0;
			defaultConfigurationName = Release;
		};
		49FB86781DF34B2400AC7E4A /* Build configuration list for PBXNativeTarget "BFKitExample" */ = {
			isa = XCConfigurationList;
			buildConfigurations = (
				49FB86791DF34B2400AC7E4A /* Debug */,
				49FB867A1DF34B2400AC7E4A /* Release */,
			);
			defaultConfigurationIsVisible = 0;
			defaultConfigurationName = Release;
		};
/* End XCConfigurationList section */
	};
	rootObject = 49FB865E1DF34B2400AC7E4A /* Project object */;
}
